// !$*UTF8*$!
{
	archiveVersion = 1;
	classes = {
	};
	objectVersion = 46;
	objects = {

/* Begin PBXBuildFile section */
		2794D5951855D3E5003FA866 /* 罗密欧与朱丽叶.txt in Resources */ = {isa = PBXBuildFile; fileRef = 2794D5931855D3E5003FA866 /* 罗密欧与朱丽叶.txt */; };
		2794D5961855D3E5003FA866 /* 肖申克的救赎.txt in Resources */ = {isa = PBXBuildFile; fileRef = 2794D5941855D3E5003FA866 /* 肖申克的救赎.txt */; };
		B4A2EA0018559BA900D81B56 /* Foundation.framework in Frameworks */ = {isa = PBXBuildFile; fileRef = B4A2E9FF18559BA900D81B56 /* Foundation.framework */; };
		B4A2EA0218559BA900D81B56 /* CoreGraphics.framework in Frameworks */ = {isa = PBXBuildFile; fileRef = B4A2EA0118559BA900D81B56 /* CoreGraphics.framework */; };
		B4A2EA0418559BA900D81B56 /* UIKit.framework in Frameworks */ = {isa = PBXBuildFile; fileRef = B4A2EA0318559BA900D81B56 /* UIKit.framework */; };
		B4A2EA0A18559BA900D81B56 /* InfoPlist.strings in Resources */ = {isa = PBXBuildFile; fileRef = B4A2EA0818559BA900D81B56 /* InfoPlist.strings */; };
		B4A2EA0C18559BA900D81B56 /* main.m in Sources */ = {isa = PBXBuildFile; fileRef = B4A2EA0B18559BA900D81B56 /* main.m */; };
		B4A2EA1018559BA900D81B56 /* AppDelegate.m in Sources */ = {isa = PBXBuildFile; fileRef = B4A2EA0F18559BA900D81B56 /* AppDelegate.m */; };
		B4A2EA1218559BA900D81B56 /* Images.xcassets in Resources */ = {isa = PBXBuildFile; fileRef = B4A2EA1118559BA900D81B56 /* Images.xcassets */; };
		B4A2EA1918559BA900D81B56 /* XCTest.framework in Frameworks */ = {isa = PBXBuildFile; fileRef = B4A2EA1818559BA900D81B56 /* XCTest.framework */; };
		B4A2EA1A18559BA900D81B56 /* Foundation.framework in Frameworks */ = {isa = PBXBuildFile; fileRef = B4A2E9FF18559BA900D81B56 /* Foundation.framework */; };
		B4A2EA1B18559BA900D81B56 /* UIKit.framework in Frameworks */ = {isa = PBXBuildFile; fileRef = B4A2EA0318559BA900D81B56 /* UIKit.framework */; };
		B4A2EA2318559BA900D81B56 /* InfoPlist.strings in Resources */ = {isa = PBXBuildFile; fileRef = B4A2EA2118559BA900D81B56 /* InfoPlist.strings */; };
		B4A2EA2518559BA900D81B56 /* iBookTests.m in Sources */ = {isa = PBXBuildFile; fileRef = B4A2EA2418559BA900D81B56 /* iBookTests.m */; };
		B4A2EA3018559BF600D81B56 /* MainViewController.m in Sources */ = {isa = PBXBuildFile; fileRef = B4A2EA2F18559BF600D81B56 /* MainViewController.m */; };
		B4A2EA331855A64C00D81B56 /* ReaderViewController.m in Sources */ = {isa = PBXBuildFile; fileRef = B4A2EA321855A64C00D81B56 /* ReaderViewController.m */; };
		B4A2EA361855A6D400D81B56 /* ReaderView.m in Sources */ = {isa = PBXBuildFile; fileRef = B4A2EA351855A6D400D81B56 /* ReaderView.m */; };
		B4A2EA381855A9C200D81B56 /* View Programming Guide for IOS.pdf in Resources */ = {isa = PBXBuildFile; fileRef = B4A2EA371855A9C200D81B56 /* View Programming Guide for IOS.pdf */; };
/* End PBXBuildFile section */

/* Begin PBXContainerItemProxy section */
		B4A2EA1C18559BA900D81B56 /* PBXContainerItemProxy */ = {
			isa = PBXContainerItemProxy;
			containerPortal = B4A2E9F418559BA900D81B56 /* Project object */;
			proxyType = 1;
			remoteGlobalIDString = B4A2E9FB18559BA900D81B56;
			remoteInfo = iBook;
		};
/* End PBXContainerItemProxy section */

/* Begin PBXFileReference section */
		2794D5931855D3E5003FA866 /* 罗密欧与朱丽叶.txt */ = {isa = PBXFileReference; fileEncoding = 4; lastKnownFileType = text; path = "罗密欧与朱丽叶.txt"; sourceTree = "<group>"; };
		2794D5941855D3E5003FA866 /* 肖申克的救赎.txt */ = {isa = PBXFileReference; fileEncoding = 4; lastKnownFileType = text; path = "肖申克的救赎.txt"; sourceTree = "<group>"; };
		B4A2E9FC18559BA900D81B56 /* iBook.app */ = {isa = PBXFileReference; explicitFileType = wrapper.application; includeInIndex = 0; path = iBook.app; sourceTree = BUILT_PRODUCTS_DIR; };
		B4A2E9FF18559BA900D81B56 /* Foundation.framework */ = {isa = PBXFileReference; lastKnownFileType = wrapper.framework; name = Foundation.framework; path = System/Library/Frameworks/Foundation.framework; sourceTree = SDKROOT; };
		B4A2EA0118559BA900D81B56 /* CoreGraphics.framework */ = {isa = PBXFileReference; lastKnownFileType = wrapper.framework; name = CoreGraphics.framework; path = System/Library/Frameworks/CoreGraphics.framework; sourceTree = SDKROOT; };
		B4A2EA0318559BA900D81B56 /* UIKit.framework */ = {isa = PBXFileReference; lastKnownFileType = wrapper.framework; name = UIKit.framework; path = System/Library/Frameworks/UIKit.framework; sourceTree = SDKROOT; };
		B4A2EA0718559BA900D81B56 /* iBook-Info.plist */ = {isa = PBXFileReference; lastKnownFileType = text.plist.xml; path = "iBook-Info.plist"; sourceTree = "<group>"; };
		B4A2EA0918559BA900D81B56 /* en */ = {isa = PBXFileReference; lastKnownFileType = text.plist.strings; name = en; path = en.lproj/InfoPlist.strings; sourceTree = "<group>"; };
		B4A2EA0B18559BA900D81B56 /* main.m */ = {isa = PBXFileReference; lastKnownFileType = sourcecode.c.objc; path = main.m; sourceTree = "<group>"; };
		B4A2EA0D18559BA900D81B56 /* iBook-Prefix.pch */ = {isa = PBXFileReference; lastKnownFileType = sourcecode.c.h; path = "iBook-Prefix.pch"; sourceTree = "<group>"; };
		B4A2EA0E18559BA900D81B56 /* AppDelegate.h */ = {isa = PBXFileReference; lastKnownFileType = sourcecode.c.h; path = AppDelegate.h; sourceTree = "<group>"; };
		B4A2EA0F18559BA900D81B56 /* AppDelegate.m */ = {isa = PBXFileReference; lastKnownFileType = sourcecode.c.objc; path = AppDelegate.m; sourceTree = "<group>"; };
		B4A2EA1118559BA900D81B56 /* Images.xcassets */ = {isa = PBXFileReference; lastKnownFileType = folder.assetcatalog; path = Images.xcassets; sourceTree = "<group>"; };
		B4A2EA1718559BA900D81B56 /* iBookTests.xctest */ = {isa = PBXFileReference; explicitFileType = wrapper.cfbundle; includeInIndex = 0; path = iBookTests.xctest; sourceTree = BUILT_PRODUCTS_DIR; };
		B4A2EA1818559BA900D81B56 /* XCTest.framework */ = {isa = PBXFileReference; lastKnownFileType = wrapper.framework; name = XCTest.framework; path = Library/Frameworks/XCTest.framework; sourceTree = DEVELOPER_DIR; };
		B4A2EA2018559BA900D81B56 /* iBookTests-Info.plist */ = {isa = PBXFileReference; lastKnownFileType = text.plist.xml; path = "iBookTests-Info.plist"; sourceTree = "<group>"; };
		B4A2EA2218559BA900D81B56 /* en */ = {isa = PBXFileReference; lastKnownFileType = text.plist.strings; name = en; path = en.lproj/InfoPlist.strings; sourceTree = "<group>"; };
		B4A2EA2418559BA900D81B56 /* iBookTests.m */ = {isa = PBXFileReference; lastKnownFileType = sourcecode.c.objc; path = iBookTests.m; sourceTree = "<group>"; };
		B4A2EA2E18559BF600D81B56 /* MainViewController.h */ = {isa = PBXFileReference; fileEncoding = 4; lastKnownFileType = sourcecode.c.h; path = MainViewController.h; sourceTree = "<group>"; };
		B4A2EA2F18559BF600D81B56 /* MainViewController.m */ = {isa = PBXFileReference; fileEncoding = 4; lastKnownFileType = sourcecode.c.objc; path = MainViewController.m; sourceTree = "<group>"; };
		B4A2EA311855A64C00D81B56 /* ReaderViewController.h */ = {isa = PBXFileReference; fileEncoding = 4; lastKnownFileType = sourcecode.c.h; path = ReaderViewController.h; sourceTree = "<group>"; };
		B4A2EA321855A64C00D81B56 /* ReaderViewController.m */ = {isa = PBXFileReference; fileEncoding = 4; lastKnownFileType = sourcecode.c.objc; path = ReaderViewController.m; sourceTree = "<group>"; };
		B4A2EA341855A6D400D81B56 /* ReaderView.h */ = {isa = PBXFileReference; fileEncoding = 4; lastKnownFileType = sourcecode.c.h; path = ReaderView.h; sourceTree = "<group>"; };
		B4A2EA351855A6D400D81B56 /* ReaderView.m */ = {isa = PBXFileReference; fileEncoding = 4; lastKnownFileType = sourcecode.c.objc; path = ReaderView.m; sourceTree = "<group>"; };
		B4A2EA371855A9C200D81B56 /* View Programming Guide for IOS.pdf */ = {isa = PBXFileReference; lastKnownFileType = image.pdf; path = "View Programming Guide for IOS.pdf"; sourceTree = "<group>"; };
/* End PBXFileReference section */

/* Begin PBXFrameworksBuildPhase section */
		B4A2E9F918559BA900D81B56 /* Frameworks */ = {
			isa = PBXFrameworksBuildPhase;
			buildActionMask = 2147483647;
			files = (
				B4A2EA0218559BA900D81B56 /* CoreGraphics.framework in Frameworks */,
				B4A2EA0418559BA900D81B56 /* UIKit.framework in Frameworks */,
				B4A2EA0018559BA900D81B56 /* Foundation.framework in Frameworks */,
			);
			runOnlyForDeploymentPostprocessing = 0;
		};
		B4A2EA1418559BA900D81B56 /* Frameworks */ = {
			isa = PBXFrameworksBuildPhase;
			buildActionMask = 2147483647;
			files = (
				B4A2EA1918559BA900D81B56 /* XCTest.framework in Frameworks */,
				B4A2EA1B18559BA900D81B56 /* UIKit.framework in Frameworks */,
				B4A2EA1A18559BA900D81B56 /* Foundation.framework in Frameworks */,
			);
			runOnlyForDeploymentPostprocessing = 0;
		};
/* End PBXFrameworksBuildPhase section */

/* Begin PBXGroup section */
		B4A2E9F318559BA900D81B56 = {
			isa = PBXGroup;
			children = (
				B4A2EA0518559BA900D81B56 /* iBook */,
				B4A2EA1E18559BA900D81B56 /* iBookTests */,
				B4A2E9FE18559BA900D81B56 /* Frameworks */,
				B4A2E9FD18559BA900D81B56 /* Products */,
			);
			sourceTree = "<group>";
		};
		B4A2E9FD18559BA900D81B56 /* Products */ = {
			isa = PBXGroup;
			children = (
				B4A2E9FC18559BA900D81B56 /* iBook.app */,
				B4A2EA1718559BA900D81B56 /* iBookTests.xctest */,
			);
			name = Products;
			sourceTree = "<group>";
		};
		B4A2E9FE18559BA900D81B56 /* Frameworks */ = {
			isa = PBXGroup;
			children = (
				B4A2E9FF18559BA900D81B56 /* Foundation.framework */,
				B4A2EA0118559BA900D81B56 /* CoreGraphics.framework */,
				B4A2EA0318559BA900D81B56 /* UIKit.framework */,
				B4A2EA1818559BA900D81B56 /* XCTest.framework */,
			);
			name = Frameworks;
			sourceTree = "<group>";
		};
		B4A2EA0518559BA900D81B56 /* iBook */ = {
			isa = PBXGroup;
			children = (
				B4A2EA371855A9C200D81B56 /* View Programming Guide for IOS.pdf */,
				B4A2EA0E18559BA900D81B56 /* AppDelegate.h */,
				B4A2EA0F18559BA900D81B56 /* AppDelegate.m */,
				B4A2EA1118559BA900D81B56 /* Images.xcassets */,
				B4A2EA0618559BA900D81B56 /* Supporting Files */,
				B4A2EA2E18559BF600D81B56 /* MainViewController.h */,
				B4A2EA2F18559BF600D81B56 /* MainViewController.m */,
				B4A2EA311855A64C00D81B56 /* ReaderViewController.h */,
				B4A2EA321855A64C00D81B56 /* ReaderViewController.m */,
				B4A2EA341855A6D400D81B56 /* ReaderView.h */,
				B4A2EA351855A6D400D81B56 /* ReaderView.m */,
			);
			path = iBook;
			sourceTree = "<group>";
		};
		B4A2EA0618559BA900D81B56 /* Supporting Files */ = {
			isa = PBXGroup;
			children = (
				2794D5931855D3E5003FA866 /* 罗密欧与朱丽叶.txt */,
				2794D5941855D3E5003FA866 /* 肖申克的救赎.txt */,
				B4A2EA0718559BA900D81B56 /* iBook-Info.plist */,
				B4A2EA0818559BA900D81B56 /* InfoPlist.strings */,
				B4A2EA0B18559BA900D81B56 /* main.m */,
				B4A2EA0D18559BA900D81B56 /* iBook-Prefix.pch */,
			);
			name = "Supporting Files";
			sourceTree = "<group>";
		};
		B4A2EA1E18559BA900D81B56 /* iBookTests */ = {
			isa = PBXGroup;
			children = (
				B4A2EA2418559BA900D81B56 /* iBookTests.m */,
				B4A2EA1F18559BA900D81B56 /* Supporting Files */,
			);
			path = iBookTests;
			sourceTree = "<group>";
		};
		B4A2EA1F18559BA900D81B56 /* Supporting Files */ = {
			isa = PBXGroup;
			children = (
				B4A2EA2018559BA900D81B56 /* iBookTests-Info.plist */,
				B4A2EA2118559BA900D81B56 /* InfoPlist.strings */,
			);
			name = "Supporting Files";
			sourceTree = "<group>";
		};
/* End PBXGroup section */

/* Begin PBXNativeTarget section */
		B4A2E9FB18559BA900D81B56 /* iBook */ = {
			isa = PBXNativeTarget;
			buildConfigurationList = B4A2EA2818559BA900D81B56 /* Build configuration list for PBXNativeTarget "iBook" */;
			buildPhases = (
				B4A2E9F818559BA900D81B56 /* Sources */,
				B4A2E9F918559BA900D81B56 /* Frameworks */,
				B4A2E9FA18559BA900D81B56 /* Resources */,
			);
			buildRules = (
			);
			dependencies = (
			);
			name = iBook;
			productName = iBook;
			productReference = B4A2E9FC18559BA900D81B56 /* iBook.app */;
			productType = "com.apple.product-type.application";
		};
		B4A2EA1618559BA900D81B56 /* iBookTests */ = {
			isa = PBXNativeTarget;
			buildConfigurationList = B4A2EA2B18559BA900D81B56 /* Build configuration list for PBXNativeTarget "iBookTests" */;
			buildPhases = (
				B4A2EA1318559BA900D81B56 /* Sources */,
				B4A2EA1418559BA900D81B56 /* Frameworks */,
				B4A2EA1518559BA900D81B56 /* Resources */,
			);
			buildRules = (
			);
			dependencies = (
				B4A2EA1D18559BA900D81B56 /* PBXTargetDependency */,
			);
			name = iBookTests;
			productName = iBookTests;
			productReference = B4A2EA1718559BA900D81B56 /* iBookTests.xctest */;
			productType = "com.apple.product-type.bundle.unit-test";
		};
/* End PBXNativeTarget section */

/* Begin PBXProject section */
		B4A2E9F418559BA900D81B56 /* Project object */ = {
			isa = PBXProject;
			attributes = {
				LastUpgradeCheck = 0500;
				ORGANIZATIONNAME = "赵雪峰";
				TargetAttributes = {
					B4A2EA1618559BA900D81B56 = {
						TestTargetID = B4A2E9FB18559BA900D81B56;
					};
				};
			};
			buildConfigurationList = B4A2E9F718559BA900D81B56 /* Build configuration list for PBXProject "iBook" */;
			compatibilityVersion = "Xcode 3.2";
			developmentRegion = English;
			hasScannedForEncodings = 0;
			knownRegions = (
				en,
			);
			mainGroup = B4A2E9F318559BA900D81B56;
			productRefGroup = B4A2E9FD18559BA900D81B56 /* Products */;
			projectDirPath = "";
			projectRoot = "";
			targets = (
				B4A2E9FB18559BA900D81B56 /* iBook */,
				B4A2EA1618559BA900D81B56 /* iBookTests */,
			);
		};
/* End PBXProject section */

/* Begin PBXResourcesBuildPhase section */
		B4A2E9FA18559BA900D81B56 /* Resources */ = {
			isa = PBXResourcesBuildPhase;
			buildActionMask = 2147483647;
			files = (
				B4A2EA0A18559BA900D81B56 /* InfoPlist.strings in Resources */,
				B4A2EA381855A9C200D81B56 /* View Programming Guide for IOS.pdf in Resources */,
				B4A2EA1218559BA900D81B56 /* Images.xcassets in Resources */,
				2794D5961855D3E5003FA866 /* 肖申克的救赎.txt in Resources */,
				2794D5951855D3E5003FA866 /* 罗密欧与朱丽叶.txt in Resources */,
			);
			runOnlyForDeploymentPostprocessing = 0;
		};
		B4A2EA1518559BA900D81B56 /* Resources */ = {
			isa = PBXResourcesBuildPhase;
			buildActionMask = 2147483647;
			files = (
				B4A2EA2318559BA900D81B56 /* InfoPlist.strings in Resources */,
			);
			runOnlyForDeploymentPostprocessing = 0;
		};
/* End PBXResourcesBuildPhase section */

/* Begin PBXSourcesBuildPhase section */
		B4A2E9F818559BA900D81B56 /* Sources */ = {
			isa = PBXSourcesBuildPhase;
			buildActionMask = 2147483647;
			files = (
				B4A2EA1018559BA900D81B56 /* AppDelegate.m in Sources */,
				B4A2EA3018559BF600D81B56 /* MainViewController.m in Sources */,
				B4A2EA0C18559BA900D81B56 /* main.m in Sources */,
				B4A2EA361855A6D400D81B56 /* ReaderView.m in Sources */,
				B4A2EA331855A64C00D81B56 /* ReaderViewController.m in Sources */,
			);
			runOnlyForDeploymentPostprocessing = 0;
		};
		B4A2EA1318559BA900D81B56 /* Sources */ = {
			isa = PBXSourcesBuildPhase;
			buildActionMask = 2147483647;
			files = (
				B4A2EA2518559BA900D81B56 /* iBookTests.m in Sources */,
			);
			runOnlyForDeploymentPostprocessing = 0;
		};
/* End PBXSourcesBuildPhase section */

/* Begin PBXTargetDependency section */
		B4A2EA1D18559BA900D81B56 /* PBXTargetDependency */ = {
			isa = PBXTargetDependency;
			target = B4A2E9FB18559BA900D81B56 /* iBook */;
			targetProxy = B4A2EA1C18559BA900D81B56 /* PBXContainerItemProxy */;
		};
/* End PBXTargetDependency section */

/* Begin PBXVariantGroup section */
		B4A2EA0818559BA900D81B56 /* InfoPlist.strings */ = {
			isa = PBXVariantGroup;
			children = (
				B4A2EA0918559BA900D81B56 /* en */,
			);
			name = InfoPlist.strings;
			sourceTree = "<group>";
		};
		B4A2EA2118559BA900D81B56 /* InfoPlist.strings */ = {
			isa = PBXVariantGroup;
			children = (
				B4A2EA2218559BA900D81B56 /* en */,
			);
			name = InfoPlist.strings;
			sourceTree = "<group>";
		};
/* End PBXVariantGroup section */

/* Begin XCBuildConfiguration section */
		B4A2EA2618559BA900D81B56 /* Debug */ = {
			isa = XCBuildConfiguration;
			buildSettings = {
				ALWAYS_SEARCH_USER_PATHS = NO;
				ARCHS = "$(ARCHS_STANDARD_INCLUDING_64_BIT)";
				CLANG_CXX_LANGUAGE_STANDARD = "gnu++0x";
				CLANG_CXX_LIBRARY = "libc++";
				CLANG_ENABLE_MODULES = YES;
				CLANG_ENABLE_OBJC_ARC = YES;
				CLANG_WARN_BOOL_CONVERSION = YES;
				CLANG_WARN_CONSTANT_CONVERSION = YES;
				CLANG_WARN_DIRECT_OBJC_ISA_USAGE = YES_ERROR;
				CLANG_WARN_EMPTY_BODY = YES;
				CLANG_WARN_ENUM_CONVERSION = YES;
				CLANG_WARN_INT_CONVERSION = YES;
				CLANG_WARN_OBJC_ROOT_CLASS = YES_ERROR;
				CLANG_WARN__DUPLICATE_METHOD_MATCH = YES;
				"CODE_SIGN_IDENTITY[sdk=iphoneos*]" = "iPhone Developer";
				COPY_PHASE_STRIP = NO;
				GCC_C_LANGUAGE_STANDARD = gnu99;
				GCC_DYNAMIC_NO_PIC = NO;
				GCC_OPTIMIZATION_LEVEL = 0;
				GCC_PREPROCESSOR_DEFINITIONS = (
					"DEBUG=1",
					"$(inherited)",
				);
				GCC_SYMBOLS_PRIVATE_EXTERN = NO;
				GCC_WARN_64_TO_32_BIT_CONVERSION = YES;
				GCC_WARN_ABOUT_RETURN_TYPE = YES_ERROR;
				GCC_WARN_UNDECLARED_SELECTOR = YES;
				GCC_WARN_UNINITIALIZED_AUTOS = YES;
				GCC_WARN_UNUSED_FUNCTION = YES;
				GCC_WARN_UNUSED_VARIABLE = YES;
				IPHONEOS_DEPLOYMENT_TARGET = 7.0;
				ONLY_ACTIVE_ARCH = YES;
				SDKROOT = iphoneos;
			};
			name = Debug;
		};
		B4A2EA2718559BA900D81B56 /* Release */ = {
			isa = XCBuildConfiguration;
			buildSettings = {
				ALWAYS_SEARCH_USER_PATHS = NO;
				ARCHS = "$(ARCHS_STANDARD_INCLUDING_64_BIT)";
				CLANG_CXX_LANGUAGE_STANDARD = "gnu++0x";
				CLANG_CXX_LIBRARY = "libc++";
				CLANG_ENABLE_MODULES = YES;
				CLANG_ENABLE_OBJC_ARC = YES;
				CLANG_WARN_BOOL_CONVERSION = YES;
				CLANG_WARN_CONSTANT_CONVERSION = YES;
				CLANG_WARN_DIRECT_OBJC_ISA_USAGE = YES_ERROR;
				CLANG_WARN_EMPTY_BODY = YES;
				CLANG_WARN_ENUM_CONVERSION = YES;
				CLANG_WARN_INT_CONVERSION = YES;
				CLANG_WARN_OBJC_ROOT_CLASS = YES_ERROR;
				CLANG_WARN__DUPLICATE_METHOD_MATCH = YES;
				"CODE_SIGN_IDENTITY[sdk=iphoneos*]" = "iPhone Developer";
				COPY_PHASE_STRIP = YES;
				ENABLE_NS_ASSERTIONS = NO;
				GCC_C_LANGUAGE_STANDARD = gnu99;
				GCC_WARN_64_TO_32_BIT_CONVERSION = YES;
				GCC_WARN_ABOUT_RETURN_TYPE = YES_ERROR;
				GCC_WARN_UNDECLARED_SELECTOR = YES;
				GCC_WARN_UNINITIALIZED_AUTOS = YES;
				GCC_WARN_UNUSED_FUNCTION = YES;
				GCC_WARN_UNUSED_VARIABLE = YES;
				IPHONEOS_DEPLOYMENT_TARGET = 7.0;
				SDKROOT = iphoneos;
				VALIDATE_PRODUCT = YES;
			};
			name = Release;
		};
		B4A2EA2918559BA900D81B56 /* Debug */ = {
			isa = XCBuildConfiguration;
			buildSettings = {
				ASSETCATALOG_COMPILER_APPICON_NAME = AppIcon;
				ASSETCATALOG_COMPILER_LAUNCHIMAGE_NAME = LaunchImage;
				CODE_SIGN_IDENTITY = "iPhone Developer: 成 季 (4E7W6EDWNR)";
				GCC_PRECOMPILE_PREFIX_HEADER = YES;
				GCC_PREFIX_HEADER = "iBook/iBook-Prefix.pch";
				INFOPLIST_FILE = "iBook/iBook-Info.plist";
				IPHONEOS_DEPLOYMENT_TARGET = 6.0;
				PRODUCT_NAME = "$(TARGET_NAME)";
				WRAPPER_EXTENSION = app;
			};
			name = Debug;
		};
		B4A2EA2A18559BA900D81B56 /* Release */ = {
			isa = XCBuildConfiguration;
			buildSettings = {
				ASSETCATALOG_COMPILER_APPICON_NAME = AppIcon;
				ASSETCATALOG_COMPILER_LAUNCHIMAGE_NAME = LaunchImage;
				GCC_PRECOMPILE_PREFIX_HEADER = YES;
				GCC_PREFIX_HEADER = "iBook/iBook-Prefix.pch";
				INFOPLIST_FILE = "iBook/iBook-Info.plist";
				IPHONEOS_DEPLOYMENT_TARGET = 6.0;
				PRODUCT_NAME = "$(TARGET_NAME)";
				WRAPPER_EXTENSION = app;
			};
			name = Release;
		};
		B4A2EA2C18559BA900D81B56 /* Debug */ = {
			isa = XCBuildConfiguration;
			buildSettings = {
				ARCHS = "$(ARCHS_STANDARD_INCLUDING_64_BIT)";
				BUNDLE_LOADER = "$(BUILT_PRODUCTS_DIR)/iBook.app/iBook";
				FRAMEWORK_SEARCH_PATHS = (
					"$(SDKROOT)/Developer/Library/Frameworks",
					"$(inherited)",
					"$(DEVELOPER_FRAMEWORKS_DIR)",
				);
				GCC_PRECOMPILE_PREFIX_HEADER = YES;
				GCC_PREFIX_HEADER = "iBook/iBook-Prefix.pch";
				GCC_PREPROCESSOR_DEFINITIONS = (
					"DEBUG=1",
					"$(inherited)",
				);
				INFOPLIST_FILE = "iBookTests/iBookTests-Info.plist";
				PRODUCT_NAME = "$(TARGET_NAME)";
				TEST_HOST = "$(BUNDLE_LOADER)";
				WRAPPER_EXTENSION = xctest;
			};
			name = Debug;
		};
		B4A2EA2D18559BA900D81B56 /* Release */ = {
			isa = XCBuildConfiguration;
			buildSettings = {
				ARCHS = "$(ARCHS_STANDARD_INCLUDING_64_BIT)";
				BUNDLE_LOADER = "$(BUILT_PRODUCTS_DIR)/iBook.app/iBook";
				FRAMEWORK_SEARCH_PATHS = (
					"$(SDKROOT)/Developer/Library/Frameworks",
					"$(inherited)",
					"$(DEVELOPER_FRAMEWORKS_DIR)",
				);
				GCC_PRECOMPILE_PREFIX_HEADER = YES;
				GCC_PREFIX_HEADER = "iBook/iBook-Prefix.pch";
				INFOPLIST_FILE = "iBookTests/iBookTests-Info.plist";
				PRODUCT_NAME = "$(TARGET_NAME)";
				TEST_HOST = "$(BUNDLE_LOADER)";
				WRAPPER_EXTENSION = xctest;
			};
			name = Release;
		};
/* End XCBuildConfiguration section */

/* Begin XCConfigurationList section */
		B4A2E9F718559BA900D81B56 /* Build configuration list for PBXProject "iBook" */ = {
			isa = XCConfigurationList;
			buildConfigurations = (
				B4A2EA2618559BA900D81B56 /* Debug */,
				B4A2EA2718559BA900D81B56 /* Release */,
			);
			defaultConfigurationIsVisible = 0;
			defaultConfigurationName = Release;
		};
		B4A2EA2818559BA900D81B56 /* Build configuration list for PBXNativeTarget "iBook" */ = {
			isa = XCConfigurationList;
			buildConfigurations = (
				B4A2EA2918559BA900D81B56 /* Debug */,
				B4A2EA2A18559BA900D81B56 /* Release */,
			);
			defaultConfigurationIsVisible = 0;
			defaultConfigurationName = Release;
		};
		B4A2EA2B18559BA900D81B56 /* Build configuration list for PBXNativeTarget "iBookTests" */ = {
			isa = XCConfigurationList;
			buildConfigurations = (
				B4A2EA2C18559BA900D81B56 /* Debug */,
				B4A2EA2D18559BA900D81B56 /* Release */,
			);
			defaultConfigurationIsVisible = 0;
			defaultConfigurationName = Release;
		};
/* End XCConfigurationList section */
	};
	rootObject = B4A2E9F418559BA900D81B56 /* Project object */;
}
